
Microsoft Visual Studio Solution File, Format Version 12.00
# Visual Studio 14
VisualStudioVersion = 14.0.25420.1
MinimumVisualStudioVersion = 10.0.40219.1
Project("{FAE04EC0-301F-11D3-BF4B-00C04F79EFBC}") = "Pac-Man", "Pac-Man\Pac-Man.csproj", "{24D2F4D6-BC53-4A6A-B94A-CABA5572C812}"
EndProject
Project("{FAE04EC0-301F-11D3-BF4B-00C04F79EFBC}") = "Test Siguiente (MAP)", "Test Siguiente (MAP)\Test Siguiente (MAP).csproj", "{D642EB8D-36F6-4826-824D-91E2A1AAFDE8}"
	ProjectSection(ProjectDependencies) = postProject
		{24D2F4D6-BC53-4A6A-B94A-CABA5572C812} = {24D2F4D6-BC53-4A6A-B94A-CABA5572C812}
	EndProjectSection
EndProject
Project("{FAE04EC0-301F-11D3-BF4B-00C04F79EFBC}") = "TestPosiblesDirs", "TestPosiblesDirs\TestPosiblesDirs.csproj", "{B9B9F36E-7D2D-4278-A99B-8FE804F25025}"
	ProjectSection(ProjectDependencies) = postProject
		{24D2F4D6-BC53-4A6A-B94A-CABA5572C812} = {24D2F4D6-BC53-4A6A-B94A-CABA5572C812}
	EndProjectSection
EndProject
Project("{FAE04EC0-301F-11D3-BF4B-00C04F79EFBC}") = "Test Mueve PacMan", "Test Mueve PacMan\Test Mueve PacMan.csproj", "{0B65A423-0CDA-47F8-836D-01DD46CF9B55}"
	ProjectSection(ProjectDependencies) = postProject
		{24D2F4D6-BC53-4A6A-B94A-CABA5572C812} = {24D2F4D6-BC53-4A6A-B94A-CABA5572C812}
	EndProjectSection
EndProject
Project("{FAE04EC0-301F-11D3-BF4B-00C04F79EFBC}") = "Test No Mueve", "Test No Mueve\Test No Mueve.csproj", "{923CC176-0FCE-478E-8EEE-7856DDBD851F}"
	ProjectSection(ProjectDependencies) = postProject
		{24D2F4D6-BC53-4A6A-B94A-CABA5572C812} = {24D2F4D6-BC53-4A6A-B94A-CABA5572C812}
	EndProjectSection
EndProject
Project("{FAE04EC0-301F-11D3-BF4B-00C04F79EFBC}") = "Test Hay Fantasma", "Test Hay Fantasma\Test Hay Fantasma.csproj", "{AA8B21E3-985C-4E90-9D8F-30EB0CB9DF2A}"
	ProjectSection(ProjectDependencies) = postProject
		{24D2F4D6-BC53-4A6A-B94A-CABA5572C812} = {24D2F4D6-BC53-4A6A-B94A-CABA5572C812}
	EndProjectSection
EndProject
Global
	GlobalSection(SolutionConfigurationPlatforms) = preSolution
		Debug|Any CPU = Debug|Any CPU
		Release|Any CPU = Release|Any CPU
	EndGlobalSection
	GlobalSection(ProjectConfigurationPlatforms) = postSolution
		{24D2F4D6-BC53-4A6A-B94A-CABA5572C812}.Debug|Any CPU.ActiveCfg = Debug|Any CPU
		{24D2F4D6-BC53-4A6A-B94A-CABA5572C812}.Debug|Any CPU.Build.0 = Debug|Any CPU
		{24D2F4D6-BC53-4A6A-B94A-CABA5572C812}.Release|Any CPU.ActiveCfg = Release|Any CPU
		{24D2F4D6-BC53-4A6A-B94A-CABA5572C812}.Release|Any CPU.Build.0 = Release|Any CPU
		{D642EB8D-36F6-4826-824D-91E2A1AAFDE8}.Debug|Any CPU.ActiveCfg = Debug|Any CPU
		{D642EB8D-36F6-4826-824D-91E2A1AAFDE8}.Debug|Any CPU.Build.0 = Debug|Any CPU
		{D642EB8D-36F6-4826-824D-91E2A1AAFDE8}.Release|Any CPU.ActiveCfg = Release|Any CPU
		{D642EB8D-36F6-4826-824D-91E2A1AAFDE8}.Release|Any CPU.Build.0 = Release|Any CPU
		{B9B9F36E-7D2D-4278-A99B-8FE804F25025}.Debug|Any CPU.ActiveCfg = Debug|Any CPU
		{B9B9F36E-7D2D-4278-A99B-8FE804F25025}.Debug|Any CPU.Build.0 = Debug|Any CPU
		{B9B9F36E-7D2D-4278-A99B-8FE804F25025}.Release|Any CPU.ActiveCfg = Release|Any CPU
		{B9B9F36E-7D2D-4278-A99B-8FE804F25025}.Release|Any CPU.Build.0 = Release|Any CPU
		{0B65A423-0CDA-47F8-836D-01DD46CF9B55}.Debug|Any CPU.ActiveCfg = Debug|Any CPU
		{0B65A423-0CDA-47F8-836D-01DD46CF9B55}.Debug|Any CPU.Build.0 = Debug|Any CPU
		{0B65A423-0CDA-47F8-836D-01DD46CF9B55}.Release|Any CPU.ActiveCfg = Release|Any CPU
		{0B65A423-0CDA-47F8-836D-01DD46CF9B55}.Release|Any CPU.Build.0 = Release|Any CPU
		{923CC176-0FCE-478E-8EEE-7856DDBD851F}.Debug|Any CPU.ActiveCfg = Debug|Any CPU
		{923CC176-0FCE-478E-8EEE-7856DDBD851F}.Debug|Any CPU.Build.0 = Debug|Any CPU
		{923CC176-0FCE-478E-8EEE-7856DDBD851F}.Release|Any CPU.ActiveCfg = Release|Any CPU
		{923CC176-0FCE-478E-8EEE-7856DDBD851F}.Release|Any CPU.Build.0 = Release|Any CPU
		{AA8B21E3-985C-4E90-9D8F-30EB0CB9DF2A}.Debug|Any CPU.ActiveCfg = Debug|Any CPU
		{AA8B21E3-985C-4E90-9D8F-30EB0CB9DF2A}.Debug|Any CPU.Build.0 = Debug|Any CPU
		{AA8B21E3-985C-4E90-9D8F-30EB0CB9DF2A}.Release|Any CPU.ActiveCfg = Release|Any CPU
		{AA8B21E3-985C-4E90-9D8F-30EB0CB9DF2A}.Release|Any CPU.Build.0 = Release|Any CPU
	EndGlobalSection
	GlobalSection(SolutionProperties) = preSolution
		HideSolutionNode = FALSE
	EndGlobalSection
EndGlobal
